// !$*UTF8*$!
{
	archiveVersion = 1;
	classes = {
	};
	objectVersion = 46;
	objects = {

/* Begin PBXBuildFile section */
		E91DDF64199A1CB200472DDC /* AppDelegate.swift in Sources */ = {isa = PBXBuildFile; fileRef = E91DDF63199A1CB200472DDC /* AppDelegate.swift */; };
		E91DDF67199A1CB200472DDC /* verbinski.xcdatamodeld in Sources */ = {isa = PBXBuildFile; fileRef = E91DDF65199A1CB200472DDC /* verbinski.xcdatamodeld */; };
		E91DDF69199A1CB200472DDC /* ViewController.swift in Sources */ = {isa = PBXBuildFile; fileRef = E91DDF68199A1CB200472DDC /* ViewController.swift */; };
		E91DDF6C199A1CB200472DDC /* Main.storyboard in Resources */ = {isa = PBXBuildFile; fileRef = E91DDF6A199A1CB200472DDC /* Main.storyboard */; };
		E91DDF6E199A1CB200472DDC /* Images.xcassets in Resources */ = {isa = PBXBuildFile; fileRef = E91DDF6D199A1CB200472DDC /* Images.xcassets */; };
		E91DDF7A199A1CB200472DDC /* verbinskiTests.swift in Sources */ = {isa = PBXBuildFile; fileRef = E91DDF79199A1CB200472DDC /* verbinskiTests.swift */; };
		E91DDF86199A25AD00472DDC /* sanjay.jpg in Resources */ = {isa = PBXBuildFile; fileRef = E91DDF85199A25AD00472DDC /* sanjay.jpg */; };
/* End PBXBuildFile section */

/* Begin PBXContainerItemProxy section */
		E91DDF74199A1CB200472DDC /* PBXContainerItemProxy */ = {
			isa = PBXContainerItemProxy;
			containerPortal = E91DDF56199A1CB200472DDC /* Project object */;
			proxyType = 1;
			remoteGlobalIDString = E91DDF5D199A1CB200472DDC;
			remoteInfo = verbinski;
		};
/* End PBXContainerItemProxy section */

/* Begin PBXFileReference section */
		E91DDF5E199A1CB200472DDC /* verbinski.app */ = {isa = PBXFileReference; explicitFileType = wrapper.application; includeInIndex = 0; path = verbinski.app; sourceTree = BUILT_PRODUCTS_DIR; };
		E91DDF62199A1CB200472DDC /* Info.plist */ = {isa = PBXFileReference; lastKnownFileType = text.plist.xml; path = Info.plist; sourceTree = "<group>"; };
		E91DDF63199A1CB200472DDC /* AppDelegate.swift */ = {isa = PBXFileReference; lastKnownFileType = sourcecode.swift; path = AppDelegate.swift; sourceTree = "<group>"; };
		E91DDF66199A1CB200472DDC /* verbinski.xcdatamodel */ = {isa = PBXFileReference; lastKnownFileType = wrapper.xcdatamodel; path = verbinski.xcdatamodel; sourceTree = "<group>"; };
		E91DDF68199A1CB200472DDC /* ViewController.swift */ = {isa = PBXFileReference; lastKnownFileType = sourcecode.swift; path = ViewController.swift; sourceTree = "<group>"; };
		E91DDF6B199A1CB200472DDC /* Base */ = {isa = PBXFileReference; lastKnownFileType = file.storyboard; name = Base; path = Base.lproj/Main.storyboard; sourceTree = "<group>"; };
		E91DDF6D199A1CB200472DDC /* Images.xcassets */ = {isa = PBXFileReference; lastKnownFileType = folder.assetcatalog; path = Images.xcassets; sourceTree = "<group>"; };
		E91DDF73199A1CB200472DDC /* verbinskiTests.xctest */ = {isa = PBXFileReference; explicitFileType = wrapper.cfbundle; includeInIndex = 0; path = verbinskiTests.xctest; sourceTree = BUILT_PRODUCTS_DIR; };
		E91DDF78199A1CB200472DDC /* Info.plist */ = {isa = PBXFileReference; lastKnownFileType = text.plist.xml; path = Info.plist; sourceTree = "<group>"; };
		E91DDF79199A1CB200472DDC /* verbinskiTests.swift */ = {isa = PBXFileReference; lastKnownFileType = sourcecode.swift; path = verbinskiTests.swift; sourceTree = "<group>"; };
		E91DDF85199A25AD00472DDC /* sanjay.jpg */ = {isa = PBXFileReference; lastKnownFileType = image.jpeg; path = sanjay.jpg; sourceTree = "<group>"; };
/* End PBXFileReference section */

/* Begin PBXFrameworksBuildPhase section */
		E91DDF5B199A1CB200472DDC /* Frameworks */ = {
			isa = PBXFrameworksBuildPhase;
			buildActionMask = 2147483647;
			files = (
			);
			runOnlyForDeploymentPostprocessing = 0;
		};
		E91DDF70199A1CB200472DDC /* Frameworks */ = {
			isa = PBXFrameworksBuildPhase;
			buildActionMask = 2147483647;
			files = (
			);
			runOnlyForDeploymentPostprocessing = 0;
		};
/* End PBXFrameworksBuildPhase section */

/* Begin PBXGroup section */
		E91DDF55199A1CB200472DDC = {
			isa = PBXGroup;
			children = (
				E91DDF60199A1CB200472DDC /* verbinski */,
				E91DDF76199A1CB200472DDC /* verbinskiTests */,
				E91DDF5F199A1CB200472DDC /* Products */,
			);
			sourceTree = "<group>";
		};
		E91DDF5F199A1CB200472DDC /* Products */ = {
			isa = PBXGroup;
			children = (
				E91DDF5E199A1CB200472DDC /* verbinski.app */,
				E91DDF73199A1CB200472DDC /* verbinskiTests.xctest */,
			);
			name = Products;
			sourceTree = "<group>";
		};
		E91DDF60199A1CB200472DDC /* verbinski */ = {
			isa = PBXGroup;
			children = (
				E91DDF63199A1CB200472DDC /* AppDelegate.swift */,
				E91DDF68199A1CB200472DDC /* ViewController.swift */,
				E91DDF6A199A1CB200472DDC /* Main.storyboard */,
				E91DDF85199A25AD00472DDC /* sanjay.jpg */,
				E91DDF6D199A1CB200472DDC /* Images.xcassets */,
				E91DDF65199A1CB200472DDC /* verbinski.xcdatamodeld */,
				E91DDF61199A1CB200472DDC /* Supporting Files */,
			);
			path = verbinski;
			sourceTree = "<group>";
		};
		E91DDF61199A1CB200472DDC /* Supporting Files */ = {
			isa = PBXGroup;
			children = (
				E91DDF62199A1CB200472DDC /* Info.plist */,
			);
			name = "Supporting Files";
			sourceTree = "<group>";
		};
		E91DDF76199A1CB200472DDC /* verbinskiTests */ = {
			isa = PBXGroup;
			children = (
				E91DDF79199A1CB200472DDC /* verbinskiTests.swift */,
				E91DDF77199A1CB200472DDC /* Supporting Files */,
			);
			path = verbinskiTests;
			sourceTree = "<group>";
		};
		E91DDF77199A1CB200472DDC /* Supporting Files */ = {
			isa = PBXGroup;
			children = (
				E91DDF78199A1CB200472DDC /* Info.plist */,
			);
			name = "Supporting Files";
			sourceTree = "<group>";
		};
/* End PBXGroup section */

/* Begin PBXNativeTarget section */
		E91DDF5D199A1CB200472DDC /* verbinski */ = {
			isa = PBXNativeTarget;
			buildConfigurationList = E91DDF7D199A1CB200472DDC /* Build configuration list for PBXNativeTarget "verbinski" */;
			buildPhases = (
				E91DDF5A199A1CB200472DDC /* Sources */,
				E91DDF5B199A1CB200472DDC /* Frameworks */,
				E91DDF5C199A1CB200472DDC /* Resources */,
			);
			buildRules = (
			);
			dependencies = (
			);
			name = verbinski;
			productName = verbinski;
			productReference = E91DDF5E199A1CB200472DDC /* verbinski.app */;
			productType = "com.apple.product-type.application";
		};
		E91DDF72199A1CB200472DDC /* verbinskiTests */ = {
			isa = PBXNativeTarget;
			buildConfigurationList = E91DDF80199A1CB200472DDC /* Build configuration list for PBXNativeTarget "verbinskiTests" */;
			buildPhases = (
				E91DDF6F199A1CB200472DDC /* Sources */,
				E91DDF70199A1CB200472DDC /* Frameworks */,
				E91DDF71199A1CB200472DDC /* Resources */,
			);
			buildRules = (
			);
			dependencies = (
				E91DDF75199A1CB200472DDC /* PBXTargetDependency */,
			);
			name = verbinskiTests;
			productName = verbinskiTests;
			productReference = E91DDF73199A1CB200472DDC /* verbinskiTests.xctest */;
			productType = "com.apple.product-type.bundle.unit-test";
		};
/* End PBXNativeTarget section */

/* Begin PBXProject section */
		E91DDF56199A1CB200472DDC /* Project object */ = {
			isa = PBXProject;
			attributes = {
				LastUpgradeCheck = 0600;
				ORGANIZATIONNAME = sanjaypojo;
				TargetAttributes = {
					E91DDF5D199A1CB200472DDC = {
						CreatedOnToolsVersion = 6.0;
					};
					E91DDF72199A1CB200472DDC = {
						CreatedOnToolsVersion = 6.0;
						TestTargetID = E91DDF5D199A1CB200472DDC;
					};
				};
			};
			buildConfigurationList = E91DDF59199A1CB200472DDC /* Build configuration list for PBXProject "verbinski" */;
			compatibilityVersion = "Xcode 3.2";
			developmentRegion = English;
			hasScannedForEncodings = 0;
			knownRegions = (
				en,
				Base,
			);
			mainGroup = E91DDF55199A1CB200472DDC;
			productRefGroup = E91DDF5F199A1CB200472DDC /* Products */;
			projectDirPath = "";
			projectRoot = "";
			targets = (
				E91DDF5D199A1CB200472DDC /* verbinski */,
				E91DDF72199A1CB200472DDC /* verbinskiTests */,
			);
		};
/* End PBXProject section */

/* Begin PBXResourcesBuildPhase section */
		E91DDF5C199A1CB200472DDC /* Resources */ = {
			isa = PBXResourcesBuildPhase;
			buildActionMask = 2147483647;
			files = (
				E91DDF86199A25AD00472DDC /* sanjay.jpg in Resources */,
				E91DDF6C199A1CB200472DDC /* Main.storyboard in Resources */,
				E91DDF6E199A1CB200472DDC /* Images.xcassets in Resources */,
			);
			runOnlyForDeploymentPostprocessing = 0;
		};
		E91DDF71199A1CB200472DDC /* Resources */ = {
			isa = PBXResourcesBuildPhase;
			buildActionMask = 2147483647;
			files = (
			);
			runOnlyForDeploymentPostprocessing = 0;
		};
/* End PBXResourcesBuildPhase section */

/* Begin PBXSourcesBuildPhase section */
		E91DDF5A199A1CB200472DDC /* Sources */ = {
			isa = PBXSourcesBuildPhase;
			buildActionMask = 2147483647;
			files = (
				E91DDF69199A1CB200472DDC /* ViewController.swift in Sources */,
				E91DDF64199A1CB200472DDC /* AppDelegate.swift in Sources */,
				E91DDF67199A1CB200472DDC /* verbinski.xcdatamodeld in Sources */,
			);
			runOnlyForDeploymentPostprocessing = 0;
		};
		E91DDF6F199A1CB200472DDC /* Sources */ = {
			isa = PBXSourcesBuildPhase;
			buildActionMask = 2147483647;
			files = (
				E91DDF7A199A1CB200472DDC /* verbinskiTests.swift in Sources */,
			);
			runOnlyForDeploymentPostprocessing = 0;
		};
/* End PBXSourcesBuildPhase section */

/* Begin PBXTargetDependency section */
		E91DDF75199A1CB200472DDC /* PBXTargetDependency */ = {
			isa = PBXTargetDependency;
			target = E91DDF5D199A1CB200472DDC /* verbinski */;
			targetProxy = E91DDF74199A1CB200472DDC /* PBXContainerItemProxy */;
		};
/* End PBXTargetDependency section */

/* Begin PBXVariantGroup section */
		E91DDF6A199A1CB200472DDC /* Main.storyboard */ = {
			isa = PBXVariantGroup;
			children = (
				E91DDF6B199A1CB200472DDC /* Base */,
			);
			name = Main.storyboard;
			sourceTree = "<group>";
		};
/* End PBXVariantGroup section */

/* Begin XCBuildConfiguration section */
		E91DDF7B199A1CB200472DDC /* Debug */ = {
			isa = XCBuildConfiguration;
			buildSettings = {
				ALWAYS_SEARCH_USER_PATHS = NO;
				CLANG_CXX_LANGUAGE_STANDARD = "gnu++0x";
				CLANG_CXX_LIBRARY = "libc++";
				CLANG_ENABLE_MODULES = YES;
				CLANG_ENABLE_OBJC_ARC = YES;
				CLANG_WARN_BOOL_CONVERSION = YES;
				CLANG_WARN_CONSTANT_CONVERSION = YES;
				CLANG_WARN_DIRECT_OBJC_ISA_USAGE = YES_ERROR;
				CLANG_WARN_EMPTY_BODY = YES;
				CLANG_WARN_ENUM_CONVERSION = YES;
				CLANG_WARN_INT_CONVERSION = YES;
				CLANG_WARN_OBJC_ROOT_CLASS = YES_ERROR;
				CLANG_WARN_UNREACHABLE_CODE = YES;
				CLANG_WARN__DUPLICATE_METHOD_MATCH = YES;
				"CODE_SIGN_IDENTITY[sdk=iphoneos*]" = "iPhone Developer";
				COPY_PHASE_STRIP = NO;
				ENABLE_STRICT_OBJC_MSGSEND = YES;
				GCC_C_LANGUAGE_STANDARD = gnu99;
				GCC_DYNAMIC_NO_PIC = NO;
				GCC_OPTIMIZATION_LEVEL = 0;
				GCC_PREPROCESSOR_DEFINITIONS = (
					"DEBUG=1",
					"$(inherited)",
				);
				GCC_SYMBOLS_PRIVATE_EXTERN = NO;
				GCC_WARN_64_TO_32_BIT_CONVERSION = YES;
				GCC_WARN_ABOUT_RETURN_TYPE = YES_ERROR;
				GCC_WARN_UNDECLARED_SELECTOR = YES;
				GCC_WARN_UNINITIALIZED_AUTOS = YES_AGGRESSIVE;
				GCC_WARN_UNUSED_FUNCTION = YES;
				GCC_WARN_UNUSED_VARIABLE = YES;
				IPHONEOS_DEPLOYMENT_TARGET = 8.0;
				MTL_ENABLE_DEBUG_INFO = YES;
				ONLY_ACTIVE_ARCH = YES;
				SDKROOT = iphoneos;
				SWIFT_OPTIMIZATION_LEVEL = "-Onone";
			};
			name = Debug;
		};
		E91DDF7C199A1CB200472DDC /* Release */ = {
			isa = XCBuildConfiguration;
			buildSettings = {
				ALWAYS_SEARCH_USER_PATHS = NO;
				CLANG_CXX_LANGUAGE_STANDARD = "gnu++0x";
				CLANG_CXX_LIBRARY = "libc++";
				CLANG_ENABLE_MODULES = YES;
				CLANG_ENABLE_OBJC_ARC = YES;
				CLANG_WARN_BOOL_CONVERSION = YES;
				CLANG_WARN_CONSTANT_CONVERSION = YES;
				CLANG_WARN_DIRECT_OBJC_ISA_USAGE = YES_ERROR;
				CLANG_WARN_EMPTY_BODY = YES;
				CLANG_WARN_ENUM_CONVERSION = YES;
				CLANG_WARN_INT_CONVERSION = YES;
				CLANG_WARN_OBJC_ROOT_CLASS = YES_ERROR;
				CLANG_WARN_UNREACHABLE_CODE = YES;
				CLANG_WARN__DUPLICATE_METHOD_MATCH = YES;
				"CODE_SIGN_IDENTITY[sdk=iphoneos*]" = "iPhone Developer";
				COPY_PHASE_STRIP = YES;
				ENABLE_NS_ASSERTIONS = NO;
				ENABLE_STRICT_OBJC_MSGSEND = YES;
				GCC_C_LANGUAGE_STANDARD = gnu99;
				GCC_WARN_64_TO_32_BIT_CONVERSION = YES;
				GCC_WARN_ABOUT_RETURN_TYPE = YES_ERROR;
				GCC_WARN_UNDECLARED_SELECTOR = YES;
				GCC_WARN_UNINITIALIZED_AUTOS = YES_AGGRESSIVE;
				GCC_WARN_UNUSED_FUNCTION = YES;
				GCC_WARN_UNUSED_VARIABLE = YES;
				IPHONEOS_DEPLOYMENT_TARGET = 8.0;
				MTL_ENABLE_DEBUG_INFO = NO;
				SDKROOT = iphoneos;
				VALIDATE_PRODUCT = YES;
			};
			name = Release;
		};
		E91DDF7E199A1CB200472DDC /* Debug */ = {
			isa = XCBuildConfiguration;
			buildSettings = {
				ASSETCATALOG_COMPILER_APPICON_NAME = AppIcon;
				ASSETCATALOG_COMPILER_LAUNCHIMAGE_NAME = LaunchImage;
				INFOPLIST_FILE = verbinski/Info.plist;
				IPHONEOS_DEPLOYMENT_TARGET = 8.0;
				LD_RUNPATH_SEARCH_PATHS = "$(inherited) @executable_path/Frameworks";
				PRODUCT_NAME = "$(TARGET_NAME)";
			};
			name = Debug;
		};
		E91DDF7F199A1CB200472DDC /* Release */ = {
			isa = XCBuildConfiguration;
			buildSettings = {
				ASSETCATALOG_COMPILER_APPICON_NAME = AppIcon;
				ASSETCATALOG_COMPILER_LAUNCHIMAGE_NAME = LaunchImage;
				INFOPLIST_FILE = verbinski/Info.plist;
				IPHONEOS_DEPLOYMENT_TARGET = 8.0;
				LD_RUNPATH_SEARCH_PATHS = "$(inherited) @executable_path/Frameworks";
				PRODUCT_NAME = "$(TARGET_NAME)";
			};
			name = Release;
		};
		E91DDF81199A1CB200472DDC /* Debug */ = {
			isa = XCBuildConfiguration;
			buildSettings = {
				BUNDLE_LOADER = "$(TEST_HOST)";
				FRAMEWORK_SEARCH_PATHS = (
					"$(SDKROOT)/Developer/Library/Frameworks",
					"$(inherited)",
				);
				GCC_PREPROCESSOR_DEFINITIONS = (
					"DEBUG=1",
					"$(inherited)",
				);
				INFOPLIST_FILE = verbinskiTests/Info.plist;
				LD_RUNPATH_SEARCH_PATHS = "$(inherited) @executable_path/Frameworks @loader_path/Frameworks";
				PRODUCT_NAME = "$(TARGET_NAME)";
				TEST_HOST = "$(BUILT_PRODUCTS_DIR)/verbinski.app/verbinski";
			};
			name = Debug;
		};
		E91DDF82199A1CB200472DDC /* Release */ = {
			isa = XCBuildConfiguration;
			buildSettings = {
				BUNDLE_LOADER = "$(TEST_HOST)";
				FRAMEWORK_SEARCH_PATHS = (
					"$(SDKROOT)/Developer/Library/Frameworks",
					"$(inherited)",
				);
				INFOPLIST_FILE = verbinskiTests/Info.plist;
				LD_RUNPATH_SEARCH_PATHS = "$(inherited) @executable_path/Frameworks @loader_path/Frameworks";
				PRODUCT_NAME = "$(TARGET_NAME)";
				TEST_HOST = "$(BUILT_PRODUCTS_DIR)/verbinski.app/verbinski";
			};
			name = Release;
		};
/* End XCBuildConfiguration section */

/* Begin XCConfigurationList section */
		E91DDF59199A1CB200472DDC /* Build configuration list for PBXProject "verbinski" */ = {
			isa = XCConfigurationList;
			buildConfigurations = (
				E91DDF7B199A1CB200472DDC /* Debug */,
				E91DDF7C199A1CB200472DDC /* Release */,
			);
			defaultConfigurationIsVisible = 0;
			defaultConfigurationName = Release;
		};
		E91DDF7D199A1CB200472DDC /* Build configuration list for PBXNativeTarget "verbinski" */ = {
			isa = XCConfigurationList;
			buildConfigurations = (
				E91DDF7E199A1CB200472DDC /* Debug */,
				E91DDF7F199A1CB200472DDC /* Release */,
			);
			defaultConfigurationIsVisible = 0;
			defaultConfigurationName = Release;
		};
		E91DDF80199A1CB200472DDC /* Build configuration list for PBXNativeTarget "verbinskiTests" */ = {
			isa = XCConfigurationList;
			buildConfigurations = (
				E91DDF81199A1CB200472DDC /* Debug */,
				E91DDF82199A1CB200472DDC /* Release */,
			);
			defaultConfigurationIsVisible = 0;
			defaultConfigurationName = Release;
		};
/* End XCConfigurationList section */

/* Begin XCVersionGroup section */
		E91DDF65199A1CB200472DDC /* verbinski.xcdatamodeld */ = {
			isa = XCVersionGroup;
			children = (
				E91DDF66199A1CB200472DDC /* verbinski.xcdatamodel */,
			);
			currentVersion = E91DDF66199A1CB200472DDC /* verbinski.xcdatamodel */;
			path = verbinski.xcdatamodeld;
			sourceTree = "<group>";
			versionGroupType = wrapper.xcdatamodel;
		};
/* End XCVersionGroup section */
	};
	rootObject = E91DDF56199A1CB200472DDC /* Project object */;
}
